// !$*UTF8*$!
{
	archiveVersion = 1;
	classes = {
	};
	objectVersion = 56;
	objects = {

/* Begin PBXBuildFile section */
		38078FDE2C85448A00BC2E1D /* historyViewModel.swift in Sources */ = {isa = PBXBuildFile; fileRef = 38078FDD2C85448A00BC2E1D /* historyViewModel.swift */; };
		380F84CC2C916ED800E4BFA9 /* AppConfig.swift in Sources */ = {isa = PBXBuildFile; fileRef = 380F84CB2C916ED800E4BFA9 /* AppConfig.swift */; };
		3848443A2C8EC6AF00C1D623 /* PrivacyScreen.swift in Sources */ = {isa = PBXBuildFile; fileRef = 384844392C8EC6AF00C1D623 /* PrivacyScreen.swift */; };
		388CF5C72C6AED7C00EC361D /* GoogleService-Info.plist in Resources */ = {isa = PBXBuildFile; fileRef = 388CF5C62C6AED7C00EC361D /* GoogleService-Info.plist */; };
		5506D2F62C8F14B6002C2715 /* OnboardingView.swift in Sources */ = {isa = PBXBuildFile; fileRef = 5506D2F52C8F14B6002C2715 /* OnboardingView.swift */; };
		5506D2F92C8FDC4E002C2715 /* Localizable.strings in Resources */ = {isa = PBXBuildFile; fileRef = 5506D2F72C8FDC4E002C2715 /* Localizable.strings */; };
		551009252C8093FD00EE4E8C /* LocalNotifications.swift in Sources */ = {isa = PBXBuildFile; fileRef = 551009242C8093FD00EE4E8C /* LocalNotifications.swift */; };
		551E58482C7603340008986A /* HomeViewModel.swift in Sources */ = {isa = PBXBuildFile; fileRef = 551E58472C7603340008986A /* HomeViewModel.swift */; };
		553EA91D2C719E7900AC44DE /* NoTaskaView.swift in Sources */ = {isa = PBXBuildFile; fileRef = 553EA91C2C719E7900AC44DE /* NoTaskaView.swift */; };
		553EA91F2C719ED600AC44DE /* TaskItemView.swift in Sources */ = {isa = PBXBuildFile; fileRef = 553EA91E2C719ED600AC44DE /* TaskItemView.swift */; };
		553EA9212C719F5F00AC44DE /* TaskSectionView.swift in Sources */ = {isa = PBXBuildFile; fileRef = 553EA9202C719F5F00AC44DE /* TaskSectionView.swift */; };
		55546F2B2C85AD5200E34A0E /* ErrorScreen.swift in Sources */ = {isa = PBXBuildFile; fileRef = 55546F2A2C85AD5200E34A0E /* ErrorScreen.swift */; };
		55546F2E2C85BD1C00E34A0E /* NetworkMonitor.swift in Sources */ = {isa = PBXBuildFile; fileRef = 55546F2D2C85BD1C00E34A0E /* NetworkMonitor.swift */; };
		55632C4C2C708128006C3DD8 /* CustomeAlertListView.swift in Sources */ = {isa = PBXBuildFile; fileRef = 55632C4B2C708128006C3DD8 /* CustomeAlertListView.swift */; };
		556DE3762C6450210056EED3 /* LoginView.swift in Sources */ = {isa = PBXBuildFile; fileRef = 556DE3752C6450200056EED3 /* LoginView.swift */; };
		556DE3782C6460900056EED3 /* LoginViewModel.swift in Sources */ = {isa = PBXBuildFile; fileRef = 556DE3772C6460900056EED3 /* LoginViewModel.swift */; };
		5584C6452C8072E60007F27C /* CustomMapView.swift in Sources */ = {isa = PBXBuildFile; fileRef = 5584C6442C8072E60007F27C /* CustomMapView.swift */; };
		55A5C47E2C89C11F00D8D781 /* HistoryTaskItem.swift in Sources */ = {isa = PBXBuildFile; fileRef = 55A5C47D2C89C11F00D8D781 /* HistoryTaskItem.swift */; };
		55A5C4802C89C1C500D8D781 /* HistoryTaskSection.swift in Sources */ = {isa = PBXBuildFile; fileRef = 55A5C47F2C89C1C500D8D781 /* HistoryTaskSection.swift */; };
		55A5CE442C4B571500F9E533 /* AimTaskApp.swift in Sources */ = {isa = PBXBuildFile; fileRef = 55A5CE432C4B571500F9E533 /* AimTaskApp.swift */; };
		55A5CE462C4B571500F9E533 /* MainApp.swift in Sources */ = {isa = PBXBuildFile; fileRef = 55A5CE452C4B571500F9E533 /* MainApp.swift */; };
		55A5CE482C4B571600F9E533 /* Assets.xcassets in Resources */ = {isa = PBXBuildFile; fileRef = 55A5CE472C4B571600F9E533 /* Assets.xcassets */; };
		55A5CE4B2C4B571600F9E533 /* Preview Assets.xcassets in Resources */ = {isa = PBXBuildFile; fileRef = 55A5CE4A2C4B571600F9E533 /* Preview Assets.xcassets */; };
		55A5CE552C4D0EA400F9E533 /* FirebaseAuth in Frameworks */ = {isa = PBXBuildFile; productRef = 55A5CE542C4D0EA400F9E533 /* FirebaseAuth */; };
		55A5CE572C4D0EA400F9E533 /* FirebaseDatabase in Frameworks */ = {isa = PBXBuildFile; productRef = 55A5CE562C4D0EA400F9E533 /* FirebaseDatabase */; };
		55A5CE5A2C4D12B200F9E533 /* Model.swift in Sources */ = {isa = PBXBuildFile; fileRef = 55A5CE592C4D12B200F9E533 /* Model.swift */; };
		55A5CE5D2C4D137800F9E533 /* FDBManager.swift in Sources */ = {isa = PBXBuildFile; fileRef = 55A5CE5C2C4D137800F9E533 /* FDBManager.swift */; };
		55A5CE5F2C4D145100F9E533 /* FirebaseFirestore in Frameworks */ = {isa = PBXBuildFile; productRef = 55A5CE5E2C4D145100F9E533 /* FirebaseFirestore */; };
		55A5CE632C4D18A900F9E533 /* FirebaseAnalytics in Frameworks */ = {isa = PBXBuildFile; productRef = 55A5CE622C4D18A900F9E533 /* FirebaseAnalytics */; };
		55A5CE652C4D18A900F9E533 /* FirebaseStorage in Frameworks */ = {isa = PBXBuildFile; productRef = 55A5CE642C4D18A900F9E533 /* FirebaseStorage */; };
		55A5CE682C4D512900F9E533 /* HomeView.swift in Sources */ = {isa = PBXBuildFile; fileRef = 55A5CE672C4D512900F9E533 /* HomeView.swift */; };
		55A5CE6A2C4D514900F9E533 /* AddTaskMapView.swift in Sources */ = {isa = PBXBuildFile; fileRef = 55A5CE692C4D514900F9E533 /* AddTaskMapView.swift */; };
		55A5CE6C2C4D515E00F9E533 /* HistoryView.swift in Sources */ = {isa = PBXBuildFile; fileRef = 55A5CE6B2C4D515E00F9E533 /* HistoryView.swift */; };
		55A5CE6E2C5CCB7C00F9E533 /* CustomAlertView.swift in Sources */ = {isa = PBXBuildFile; fileRef = 55A5CE6D2C5CCB7C00F9E533 /* CustomAlertView.swift */; };
		55A5CE702C5CCEA900F9E533 /* CustomAlertListViewModel.swift in Sources */ = {isa = PBXBuildFile; fileRef = 55A5CE6F2C5CCEA900F9E533 /* CustomAlertListViewModel.swift */; };
		55A5CE742C5D0B6700F9E533 /* CustomAlertViewModel.swift in Sources */ = {isa = PBXBuildFile; fileRef = 55A5CE732C5D0B6700F9E533 /* CustomAlertViewModel.swift */; };
		55A5CE782C5F68B400F9E533 /* AddTaskMapViewModel.swift in Sources */ = {isa = PBXBuildFile; fileRef = 55A5CE772C5F68B400F9E533 /* AddTaskMapViewModel.swift */; };
		55B5DFDE2C699E6F00AC53A0 /* StringExtension.swift in Sources */ = {isa = PBXBuildFile; fileRef = 55B5DFDD2C699E6F00AC53A0 /* StringExtension.swift */; };
		55BE96382C8AD22700D9C692 /* EmailSerive.swift in Sources */ = {isa = PBXBuildFile; fileRef = 55BE96372C8AD22700D9C692 /* EmailSerive.swift */; };
		55BE963A2C8BD5F800D9C692 /* ErrorBar.swift in Sources */ = {isa = PBXBuildFile; fileRef = 55BE96392C8BD5F800D9C692 /* ErrorBar.swift */; };
		55F442292C966B6C0006F530 /* AimTaskTests.swift in Sources */ = {isa = PBXBuildFile; fileRef = 55F442282C966B6C0006F530 /* AimTaskTests.swift */; };
		55F442372C98F4690006F530 /* PostOnBoardingView.swift in Sources */ = {isa = PBXBuildFile; fileRef = 55F442362C98F4690006F530 /* PostOnBoardingView.swift */; };
		55F4423A2C9951940006F530 /* ColorExtension.swift in Sources */ = {isa = PBXBuildFile; fileRef = 55F442392C9951940006F530 /* ColorExtension.swift */; };
/* End PBXBuildFile section */

/* Begin PBXContainerItemProxy section */
		55F4422A2C966B6C0006F530 /* PBXContainerItemProxy */ = {
			isa = PBXContainerItemProxy;
			containerPortal = 55A5CE382C4B571500F9E533 /* Project object */;
			proxyType = 1;
			remoteGlobalIDString = 55A5CE3F2C4B571500F9E533;
			remoteInfo = AimTask;
		};
/* End PBXContainerItemProxy section */

/* Begin PBXFileReference section */
		38078FDD2C85448A00BC2E1D /* historyViewModel.swift */ = {isa = PBXFileReference; lastKnownFileType = sourcecode.swift; path = historyViewModel.swift; sourceTree = "<group>"; };
		380F84CB2C916ED800E4BFA9 /* AppConfig.swift */ = {isa = PBXFileReference; lastKnownFileType = sourcecode.swift; path = AppConfig.swift; sourceTree = "<group>"; };
		384844392C8EC6AF00C1D623 /* PrivacyScreen.swift */ = {isa = PBXFileReference; lastKnownFileType = sourcecode.swift; path = PrivacyScreen.swift; sourceTree = "<group>"; };
		388CF5C62C6AED7C00EC361D /* GoogleService-Info.plist */ = {isa = PBXFileReference; fileEncoding = 4; lastKnownFileType = text.plist.xml; path = "GoogleService-Info.plist"; sourceTree = "<group>"; };
		5506D2F52C8F14B6002C2715 /* OnboardingView.swift */ = {isa = PBXFileReference; lastKnownFileType = sourcecode.swift; path = OnboardingView.swift; sourceTree = "<group>"; };
		5506D2F82C8FDC4E002C2715 /* en */ = {isa = PBXFileReference; lastKnownFileType = text.plist.strings; name = en; path = en.lproj/Localizable.strings; sourceTree = "<group>"; };
		551009242C8093FD00EE4E8C /* LocalNotifications.swift */ = {isa = PBXFileReference; lastKnownFileType = sourcecode.swift; path = LocalNotifications.swift; sourceTree = "<group>"; };
		551E58472C7603340008986A /* HomeViewModel.swift */ = {isa = PBXFileReference; lastKnownFileType = sourcecode.swift; path = HomeViewModel.swift; sourceTree = "<group>"; };
		552030E72C927D980030AEE6 /* Read me.md */ = {isa = PBXFileReference; lastKnownFileType = net.daringfireball.markdown; path = "Read me.md"; sourceTree = "<group>"; };
		553EA91C2C719E7900AC44DE /* NoTaskaView.swift */ = {isa = PBXFileReference; lastKnownFileType = sourcecode.swift; path = NoTaskaView.swift; sourceTree = "<group>"; };
		553EA91E2C719ED600AC44DE /* TaskItemView.swift */ = {isa = PBXFileReference; lastKnownFileType = sourcecode.swift; path = TaskItemView.swift; sourceTree = "<group>"; };
		553EA9202C719F5F00AC44DE /* TaskSectionView.swift */ = {isa = PBXFileReference; lastKnownFileType = sourcecode.swift; path = TaskSectionView.swift; sourceTree = "<group>"; };
		55546F2A2C85AD5200E34A0E /* ErrorScreen.swift */ = {isa = PBXFileReference; lastKnownFileType = sourcecode.swift; path = ErrorScreen.swift; sourceTree = "<group>"; };
		55546F2D2C85BD1C00E34A0E /* NetworkMonitor.swift */ = {isa = PBXFileReference; lastKnownFileType = sourcecode.swift; path = NetworkMonitor.swift; sourceTree = "<group>"; };
		55632C4B2C708128006C3DD8 /* CustomeAlertListView.swift */ = {isa = PBXFileReference; lastKnownFileType = sourcecode.swift; path = CustomeAlertListView.swift; sourceTree = "<group>"; };
		556DE3752C6450200056EED3 /* LoginView.swift */ = {isa = PBXFileReference; lastKnownFileType = sourcecode.swift; path = LoginView.swift; sourceTree = "<group>"; };
		556DE3772C6460900056EED3 /* LoginViewModel.swift */ = {isa = PBXFileReference; lastKnownFileType = sourcecode.swift; path = LoginViewModel.swift; sourceTree = "<group>"; };
		5584C6442C8072E60007F27C /* CustomMapView.swift */ = {isa = PBXFileReference; lastKnownFileType = sourcecode.swift; path = CustomMapView.swift; sourceTree = "<group>"; };
		55A5C47D2C89C11F00D8D781 /* HistoryTaskItem.swift */ = {isa = PBXFileReference; lastKnownFileType = sourcecode.swift; path = HistoryTaskItem.swift; sourceTree = "<group>"; };
		55A5C47F2C89C1C500D8D781 /* HistoryTaskSection.swift */ = {isa = PBXFileReference; lastKnownFileType = sourcecode.swift; path = HistoryTaskSection.swift; sourceTree = "<group>"; };
		55A5CE402C4B571500F9E533 /* AimTask.app */ = {isa = PBXFileReference; explicitFileType = wrapper.application; includeInIndex = 0; path = AimTask.app; sourceTree = BUILT_PRODUCTS_DIR; };
		55A5CE432C4B571500F9E533 /* AimTaskApp.swift */ = {isa = PBXFileReference; lastKnownFileType = sourcecode.swift; path = AimTaskApp.swift; sourceTree = "<group>"; };
		55A5CE452C4B571500F9E533 /* MainApp.swift */ = {isa = PBXFileReference; lastKnownFileType = sourcecode.swift; path = MainApp.swift; sourceTree = "<group>"; };
		55A5CE472C4B571600F9E533 /* Assets.xcassets */ = {isa = PBXFileReference; lastKnownFileType = folder.assetcatalog; path = Assets.xcassets; sourceTree = "<group>"; };
		55A5CE4A2C4B571600F9E533 /* Preview Assets.xcassets */ = {isa = PBXFileReference; lastKnownFileType = folder.assetcatalog; path = "Preview Assets.xcassets"; sourceTree = "<group>"; };
		55A5CE592C4D12B200F9E533 /* Model.swift */ = {isa = PBXFileReference; lastKnownFileType = sourcecode.swift; path = Model.swift; sourceTree = "<group>"; };
		55A5CE5C2C4D137800F9E533 /* FDBManager.swift */ = {isa = PBXFileReference; lastKnownFileType = sourcecode.swift; path = FDBManager.swift; sourceTree = "<group>"; };
		55A5CE672C4D512900F9E533 /* HomeView.swift */ = {isa = PBXFileReference; lastKnownFileType = sourcecode.swift; path = HomeView.swift; sourceTree = "<group>"; };
		55A5CE692C4D514900F9E533 /* AddTaskMapView.swift */ = {isa = PBXFileReference; lastKnownFileType = sourcecode.swift; path = AddTaskMapView.swift; sourceTree = "<group>"; };
		55A5CE6B2C4D515E00F9E533 /* HistoryView.swift */ = {isa = PBXFileReference; lastKnownFileType = sourcecode.swift; path = HistoryView.swift; sourceTree = "<group>"; };
		55A5CE6D2C5CCB7C00F9E533 /* CustomAlertView.swift */ = {isa = PBXFileReference; lastKnownFileType = sourcecode.swift; path = CustomAlertView.swift; sourceTree = "<group>"; };
		55A5CE6F2C5CCEA900F9E533 /* CustomAlertListViewModel.swift */ = {isa = PBXFileReference; lastKnownFileType = sourcecode.swift; path = CustomAlertListViewModel.swift; sourceTree = "<group>"; };
		55A5CE732C5D0B6700F9E533 /* CustomAlertViewModel.swift */ = {isa = PBXFileReference; lastKnownFileType = sourcecode.swift; path = CustomAlertViewModel.swift; sourceTree = "<group>"; };
		55A5CE772C5F68B400F9E533 /* AddTaskMapViewModel.swift */ = {isa = PBXFileReference; lastKnownFileType = sourcecode.swift; path = AddTaskMapViewModel.swift; sourceTree = "<group>"; };
		55B5DFDD2C699E6F00AC53A0 /* StringExtension.swift */ = {isa = PBXFileReference; lastKnownFileType = sourcecode.swift; path = StringExtension.swift; sourceTree = "<group>"; };
		55BE96372C8AD22700D9C692 /* EmailSerive.swift */ = {isa = PBXFileReference; lastKnownFileType = sourcecode.swift; path = EmailSerive.swift; sourceTree = "<group>"; };
		55BE96392C8BD5F800D9C692 /* ErrorBar.swift */ = {isa = PBXFileReference; lastKnownFileType = sourcecode.swift; path = ErrorBar.swift; sourceTree = "<group>"; };
		55F442182C93D5BD0006F530 /* PrivacyInfo.xcprivacy */ = {isa = PBXFileReference; lastKnownFileType = text.xml; path = PrivacyInfo.xcprivacy; sourceTree = "<group>"; };
		55F442192C954B9E0006F530 /* Config.xcconfig */ = {isa = PBXFileReference; lastKnownFileType = text.xcconfig; path = Config.xcconfig; sourceTree = "<group>"; };
		55F442262C966B6C0006F530 /* AimTaskTests.xctest */ = {isa = PBXFileReference; explicitFileType = wrapper.cfbundle; includeInIndex = 0; path = AimTaskTests.xctest; sourceTree = BUILT_PRODUCTS_DIR; };
		55F442282C966B6C0006F530 /* AimTaskTests.swift */ = {isa = PBXFileReference; lastKnownFileType = sourcecode.swift; path = AimTaskTests.swift; sourceTree = "<group>"; };
		55F442362C98F4690006F530 /* PostOnBoardingView.swift */ = {isa = PBXFileReference; lastKnownFileType = sourcecode.swift; path = PostOnBoardingView.swift; sourceTree = "<group>"; };
		55F442392C9951940006F530 /* ColorExtension.swift */ = {isa = PBXFileReference; lastKnownFileType = sourcecode.swift; path = ColorExtension.swift; sourceTree = "<group>"; };
		55FE0C9C2C7E04B000EF457B /* LocationTest.gpx */ = {isa = PBXFileReference; lastKnownFileType = text.xml; path = LocationTest.gpx; sourceTree = "<group>"; };
/* End PBXFileReference section */

/* Begin PBXFrameworksBuildPhase section */
		55A5CE3D2C4B571500F9E533 /* Frameworks */ = {
			isa = PBXFrameworksBuildPhase;
			buildActionMask = 2147483647;
			files = (
				55A5CE572C4D0EA400F9E533 /* FirebaseDatabase in Frameworks */,
				55A5CE552C4D0EA400F9E533 /* FirebaseAuth in Frameworks */,
				55A5CE632C4D18A900F9E533 /* FirebaseAnalytics in Frameworks */,
				55A5CE652C4D18A900F9E533 /* FirebaseStorage in Frameworks */,
				55A5CE5F2C4D145100F9E533 /* FirebaseFirestore in Frameworks */,
			);
			runOnlyForDeploymentPostprocessing = 0;
		};
		55F442232C966B6C0006F530 /* Frameworks */ = {
			isa = PBXFrameworksBuildPhase;
			buildActionMask = 2147483647;
			files = (
			);
			runOnlyForDeploymentPostprocessing = 0;
		};
/* End PBXFrameworksBuildPhase section */

/* Begin PBXGroup section */
		384844382C8EC69A00C1D623 /* Privacy */ = {
			isa = PBXGroup;
			children = (
				384844392C8EC6AF00C1D623 /* PrivacyScreen.swift */,
			);
			path = Privacy;
			sourceTree = "<group>";
		};
		5506D2F42C8F149C002C2715 /* Onboarding  */ = {
			isa = PBXGroup;
			children = (
				5506D2F52C8F14B6002C2715 /* OnboardingView.swift */,
			);
			path = "Onboarding ";
			sourceTree = "<group>";
		};
		551009232C8093E100EE4E8C /* LocalNotifications */ = {
			isa = PBXGroup;
			children = (
				551009242C8093FD00EE4E8C /* LocalNotifications.swift */,
			);
			path = LocalNotifications;
			sourceTree = "<group>";
		};
		55546F292C85AD3000E34A0E /* ErrorView */ = {
			isa = PBXGroup;
			children = (
				55546F2A2C85AD5200E34A0E /* ErrorScreen.swift */,
				55BE96392C8BD5F800D9C692 /* ErrorBar.swift */,
			);
			path = ErrorView;
			sourceTree = "<group>";
		};
		55A5CE372C4B571500F9E533 = {
			isa = PBXGroup;
			children = (
				55F442192C954B9E0006F530 /* Config.xcconfig */,
				55F442182C93D5BD0006F530 /* PrivacyInfo.xcprivacy */,
				552030E72C927D980030AEE6 /* Read me.md */,
				380F84CB2C916ED800E4BFA9 /* AppConfig.swift */,
				5506D2F72C8FDC4E002C2715 /* Localizable.strings */,
				55FE0C9C2C7E04B000EF457B /* LocationTest.gpx */,
				55A5CE422C4B571500F9E533 /* AimTask */,
				55F442272C966B6C0006F530 /* AimTaskTests */,
				55A5CE412C4B571500F9E533 /* Products */,
			);
			sourceTree = "<group>";
		};
		55A5CE412C4B571500F9E533 /* Products */ = {
			isa = PBXGroup;
			children = (
				55A5CE402C4B571500F9E533 /* AimTask.app */,
				55F442262C966B6C0006F530 /* AimTaskTests.xctest */,
			);
			name = Products;
			sourceTree = "<group>";
		};
		55A5CE422C4B571500F9E533 /* AimTask */ = {
			isa = PBXGroup;
			children = (
				55F442382C9951710006F530 /* Extensions */,
				55F442332C98F4010006F530 /* PostOnboarding */,
				384844382C8EC69A00C1D623 /* Privacy */,
				55BE963D2C8BD96A00D9C692 /* NetworkMonitor */,
				55BE96362C8AD20F00D9C692 /* EmailService */,
				551009232C8093E100EE4E8C /* LocalNotifications */,
				55546F292C85AD3000E34A0E /* ErrorView */,
				55A5CE662C4D50AB00F9E533 /* View */,
				55A5CE5B2C4D135A00F9E533 /* ViewModel */,
				55A5CE582C4D128400F9E533 /* Model */,
				55A5CE432C4B571500F9E533 /* AimTaskApp.swift */,
				55A5CE472C4B571600F9E533 /* Assets.xcassets */,
				388CF5C62C6AED7C00EC361D /* GoogleService-Info.plist */,
				55A5CE492C4B571600F9E533 /* Preview Content */,
			);
			path = AimTask;
			sourceTree = "<group>";
		};
		55A5CE492C4B571600F9E533 /* Preview Content */ = {
			isa = PBXGroup;
			children = (
				55A5CE4A2C4B571600F9E533 /* Preview Assets.xcassets */,
			);
			path = "Preview Content";
			sourceTree = "<group>";
		};
		55A5CE582C4D128400F9E533 /* Model */ = {
			isa = PBXGroup;
			children = (
				55A5CE592C4D12B200F9E533 /* Model.swift */,
			);
			path = Model;
			sourceTree = "<group>";
		};
		55A5CE5B2C4D135A00F9E533 /* ViewModel */ = {
			isa = PBXGroup;
			children = (
				55A5CE5C2C4D137800F9E533 /* FDBManager.swift */,
			);
			path = ViewModel;
			sourceTree = "<group>";
		};
		55A5CE662C4D50AB00F9E533 /* View */ = {
			isa = PBXGroup;
			children = (
				5506D2F42C8F149C002C2715 /* Onboarding  */,
				55B5DFDC2C6996E500AC53A0 /* LoginView */,
				55B5DFDB2C6996C700AC53A0 /* CustomAlertView */,
				55B5DFDA2C69968900AC53A0 /* AddTaskMapView */,
				55B5DFD92C69962C00AC53A0 /* HomeView */,
				55B5DFD82C69960E00AC53A0 /* HistoryView */,
				55A5CE452C4B571500F9E533 /* MainApp.swift */,
			);
			path = View;
			sourceTree = "<group>";
		};
		55B5DFD82C69960E00AC53A0 /* HistoryView */ = {
			isa = PBXGroup;
			children = (
				55A5CE6B2C4D515E00F9E533 /* HistoryView.swift */,
				38078FDD2C85448A00BC2E1D /* historyViewModel.swift */,
				55A5C47D2C89C11F00D8D781 /* HistoryTaskItem.swift */,
				55A5C47F2C89C1C500D8D781 /* HistoryTaskSection.swift */,
			);
			path = HistoryView;
			sourceTree = "<group>";
		};
		55B5DFD92C69962C00AC53A0 /* HomeView */ = {
			isa = PBXGroup;
			children = (
				55A5CE672C4D512900F9E533 /* HomeView.swift */,
				553EA91C2C719E7900AC44DE /* NoTaskaView.swift */,
				553EA91E2C719ED600AC44DE /* TaskItemView.swift */,
				553EA9202C719F5F00AC44DE /* TaskSectionView.swift */,
				551E58472C7603340008986A /* HomeViewModel.swift */,
			);
			path = HomeView;
			sourceTree = "<group>";
		};
		55B5DFDA2C69968900AC53A0 /* AddTaskMapView */ = {
			isa = PBXGroup;
			children = (
				55A5CE692C4D514900F9E533 /* AddTaskMapView.swift */,
				55A5CE772C5F68B400F9E533 /* AddTaskMapViewModel.swift */,
				5584C6442C8072E60007F27C /* CustomMapView.swift */,
			);
			path = AddTaskMapView;
			sourceTree = "<group>";
		};
		55B5DFDB2C6996C700AC53A0 /* CustomAlertView */ = {
			isa = PBXGroup;
			children = (
				55A5CE732C5D0B6700F9E533 /* CustomAlertViewModel.swift */,
				55A5CE6D2C5CCB7C00F9E533 /* CustomAlertView.swift */,
				55632C4B2C708128006C3DD8 /* CustomeAlertListView.swift */,
				55A5CE6F2C5CCEA900F9E533 /* CustomAlertListViewModel.swift */,
			);
			path = CustomAlertView;
			sourceTree = "<group>";
		};
		55B5DFDC2C6996E500AC53A0 /* LoginView */ = {
			isa = PBXGroup;
			children = (
				556DE3772C6460900056EED3 /* LoginViewModel.swift */,
				556DE3752C6450200056EED3 /* LoginView.swift */,
			);
			path = LoginView;
			sourceTree = "<group>";
		};
		55BE96362C8AD20F00D9C692 /* EmailService */ = {
			isa = PBXGroup;
			children = (
				55BE96372C8AD22700D9C692 /* EmailSerive.swift */,
			);
			path = EmailService;
			sourceTree = "<group>";
		};
		55BE963D2C8BD96A00D9C692 /* NetworkMonitor */ = {
			isa = PBXGroup;
			children = (
				55546F2D2C85BD1C00E34A0E /* NetworkMonitor.swift */,
			);
			path = NetworkMonitor;
			sourceTree = "<group>";
		};
		55F442272C966B6C0006F530 /* AimTaskTests */ = {
			isa = PBXGroup;
			children = (
				55F442282C966B6C0006F530 /* AimTaskTests.swift */,
			);
			path = AimTaskTests;
			sourceTree = "<group>";
		};
		55F442332C98F4010006F530 /* PostOnboarding */ = {
			isa = PBXGroup;
			children = (
				55F442362C98F4690006F530 /* PostOnBoardingView.swift */,
			);
			path = PostOnboarding;
			sourceTree = "<group>";
		};
		55F442382C9951710006F530 /* Extensions */ = {
			isa = PBXGroup;
			children = (
				55B5DFDD2C699E6F00AC53A0 /* StringExtension.swift */,
				55F442392C9951940006F530 /* ColorExtension.swift */,
			);
			path = Extensions;
			sourceTree = "<group>";
		};
/* End PBXGroup section */

/* Begin PBXNativeTarget section */
		55A5CE3F2C4B571500F9E533 /* AimTask */ = {
			isa = PBXNativeTarget;
			buildConfigurationList = 55A5CE4E2C4B571600F9E533 /* Build configuration list for PBXNativeTarget "AimTask" */;
			buildPhases = (
				55A5CE3C2C4B571500F9E533 /* Sources */,
				55A5CE3D2C4B571500F9E533 /* Frameworks */,
				55A5CE3E2C4B571500F9E533 /* Resources */,
			);
			buildRules = (
			);
			dependencies = (
			);
			name = AimTask;
			packageProductDependencies = (
				55A5CE542C4D0EA400F9E533 /* FirebaseAuth */,
				55A5CE562C4D0EA400F9E533 /* FirebaseDatabase */,
				55A5CE5E2C4D145100F9E533 /* FirebaseFirestore */,
				55A5CE622C4D18A900F9E533 /* FirebaseAnalytics */,
				55A5CE642C4D18A900F9E533 /* FirebaseStorage */,
			);
			productName = AimTask;
			productReference = 55A5CE402C4B571500F9E533 /* AimTask.app */;
			productType = "com.apple.product-type.application";
		};
		55F442252C966B6C0006F530 /* AimTaskTests */ = {
			isa = PBXNativeTarget;
			buildConfigurationList = 55F4422C2C966B6C0006F530 /* Build configuration list for PBXNativeTarget "AimTaskTests" */;
			buildPhases = (
				55F442222C966B6C0006F530 /* Sources */,
				55F442232C966B6C0006F530 /* Frameworks */,
				55F442242C966B6C0006F530 /* Resources */,
			);
			buildRules = (
			);
			dependencies = (
				55F4422B2C966B6C0006F530 /* PBXTargetDependency */,
			);
			name = AimTaskTests;
			productName = AimTaskTests;
			productReference = 55F442262C966B6C0006F530 /* AimTaskTests.xctest */;
			productType = "com.apple.product-type.bundle.unit-test";
		};
/* End PBXNativeTarget section */

/* Begin PBXProject section */
		55A5CE382C4B571500F9E533 /* Project object */ = {
			isa = PBXProject;
			attributes = {
				BuildIndependentTargetsInParallel = 1;
				LastSwiftUpdateCheck = 1540;
				LastUpgradeCheck = 1540;
				TargetAttributes = {
					55A5CE3F2C4B571500F9E533 = {
						CreatedOnToolsVersion = 15.4;
					};
					55F442252C966B6C0006F530 = {
						CreatedOnToolsVersion = 15.4;
						TestTargetID = 55A5CE3F2C4B571500F9E533;
					};
				};
			};
			buildConfigurationList = 55A5CE3B2C4B571500F9E533 /* Build configuration list for PBXProject "AimTask" */;
			compatibilityVersion = "Xcode 14.0";
			developmentRegion = en;
			hasScannedForEncodings = 0;
			knownRegions = (
				en,
				Base,
			);
			mainGroup = 55A5CE372C4B571500F9E533;
			packageReferences = (
				55A5CE532C4D0EA400F9E533 /* XCRemoteSwiftPackageReference "firebase-ios-sdk" */,
			);
			productRefGroup = 55A5CE412C4B571500F9E533 /* Products */;
			projectDirPath = "";
			projectRoot = "";
			targets = (
				55A5CE3F2C4B571500F9E533 /* AimTask */,
				55F442252C966B6C0006F530 /* AimTaskTests */,
			);
		};
/* End PBXProject section */

/* Begin PBXResourcesBuildPhase section */
		55A5CE3E2C4B571500F9E533 /* Resources */ = {
			isa = PBXResourcesBuildPhase;
			buildActionMask = 2147483647;
			files = (
				55A5CE4B2C4B571600F9E533 /* Preview Assets.xcassets in Resources */,
				5506D2F92C8FDC4E002C2715 /* Localizable.strings in Resources */,
				388CF5C72C6AED7C00EC361D /* GoogleService-Info.plist in Resources */,
				55A5CE482C4B571600F9E533 /* Assets.xcassets in Resources */,
			);
			runOnlyForDeploymentPostprocessing = 0;
		};
		55F442242C966B6C0006F530 /* Resources */ = {
			isa = PBXResourcesBuildPhase;
			buildActionMask = 2147483647;
			files = (
			);
			runOnlyForDeploymentPostprocessing = 0;
		};
/* End PBXResourcesBuildPhase section */

/* Begin PBXSourcesBuildPhase section */
		55A5CE3C2C4B571500F9E533 /* Sources */ = {
			isa = PBXSourcesBuildPhase;
			buildActionMask = 2147483647;
			files = (
				55A5CE6C2C4D515E00F9E533 /* HistoryView.swift in Sources */,
				55546F2E2C85BD1C00E34A0E /* NetworkMonitor.swift in Sources */,
				55A5CE5A2C4D12B200F9E533 /* Model.swift in Sources */,
				5506D2F62C8F14B6002C2715 /* OnboardingView.swift in Sources */,
				551E58482C7603340008986A /* HomeViewModel.swift in Sources */,
				55BE963A2C8BD5F800D9C692 /* ErrorBar.swift in Sources */,
				38078FDE2C85448A00BC2E1D /* historyViewModel.swift in Sources */,
				55BE96382C8AD22700D9C692 /* EmailSerive.swift in Sources */,
				55A5CE462C4B571500F9E533 /* MainApp.swift in Sources */,
				55F4423A2C9951940006F530 /* ColorExtension.swift in Sources */,
				55A5CE702C5CCEA900F9E533 /* CustomAlertListViewModel.swift in Sources */,
				55632C4C2C708128006C3DD8 /* CustomeAlertListView.swift in Sources */,
				55A5CE5D2C4D137800F9E533 /* FDBManager.swift in Sources */,
				55A5CE742C5D0B6700F9E533 /* CustomAlertViewModel.swift in Sources */,
				55A5CE6A2C4D514900F9E533 /* AddTaskMapView.swift in Sources */,
				553EA91D2C719E7900AC44DE /* NoTaskaView.swift in Sources */,
				55A5CE6E2C5CCB7C00F9E533 /* CustomAlertView.swift in Sources */,
				553EA91F2C719ED600AC44DE /* TaskItemView.swift in Sources */,
				553EA9212C719F5F00AC44DE /* TaskSectionView.swift in Sources */,
				380F84CC2C916ED800E4BFA9 /* AppConfig.swift in Sources */,
				55A5C4802C89C1C500D8D781 /* HistoryTaskSection.swift in Sources */,
				55B5DFDE2C699E6F00AC53A0 /* StringExtension.swift in Sources */,
				55546F2B2C85AD5200E34A0E /* ErrorScreen.swift in Sources */,
				5584C6452C8072E60007F27C /* CustomMapView.swift in Sources */,
				55F442372C98F4690006F530 /* PostOnBoardingView.swift in Sources */,
				551009252C8093FD00EE4E8C /* LocalNotifications.swift in Sources */,
				556DE3782C6460900056EED3 /* LoginViewModel.swift in Sources */,
				55A5CE682C4D512900F9E533 /* HomeView.swift in Sources */,
				3848443A2C8EC6AF00C1D623 /* PrivacyScreen.swift in Sources */,
				556DE3762C6450210056EED3 /* LoginView.swift in Sources */,
				55A5CE442C4B571500F9E533 /* AimTaskApp.swift in Sources */,
				55A5C47E2C89C11F00D8D781 /* HistoryTaskItem.swift in Sources */,
				55A5CE782C5F68B400F9E533 /* AddTaskMapViewModel.swift in Sources */,
			);
			runOnlyForDeploymentPostprocessing = 0;
		};
		55F442222C966B6C0006F530 /* Sources */ = {
			isa = PBXSourcesBuildPhase;
			buildActionMask = 2147483647;
			files = (
				55F442292C966B6C0006F530 /* AimTaskTests.swift in Sources */,
			);
			runOnlyForDeploymentPostprocessing = 0;
		};
/* End PBXSourcesBuildPhase section */

/* Begin PBXTargetDependency section */
		55F4422B2C966B6C0006F530 /* PBXTargetDependency */ = {
			isa = PBXTargetDependency;
			target = 55A5CE3F2C4B571500F9E533 /* AimTask */;
			targetProxy = 55F4422A2C966B6C0006F530 /* PBXContainerItemProxy */;
		};
/* End PBXTargetDependency section */

/* Begin PBXVariantGroup section */
		5506D2F72C8FDC4E002C2715 /* Localizable.strings */ = {
			isa = PBXVariantGroup;
			children = (
				5506D2F82C8FDC4E002C2715 /* en */,
			);
			name = Localizable.strings;
			sourceTree = "<group>";
		};
/* End PBXVariantGroup section */

/* Begin XCBuildConfiguration section */
		55A5CE4C2C4B571600F9E533 /* Debug */ = {
			isa = XCBuildConfiguration;
			buildSettings = {
				ALWAYS_SEARCH_USER_PATHS = NO;
				ASSETCATALOG_COMPILER_GENERATE_SWIFT_ASSET_SYMBOL_EXTENSIONS = YES;
				CLANG_ANALYZER_NONNULL = YES;
				CLANG_ANALYZER_NUMBER_OBJECT_CONVERSION = YES_AGGRESSIVE;
				CLANG_CXX_LANGUAGE_STANDARD = "gnu++20";
				CLANG_ENABLE_MODULES = YES;
				CLANG_ENABLE_OBJC_ARC = YES;
				CLANG_ENABLE_OBJC_WEAK = YES;
				CLANG_WARN_BLOCK_CAPTURE_AUTORELEASING = YES;
				CLANG_WARN_BOOL_CONVERSION = YES;
				CLANG_WARN_COMMA = YES;
				CLANG_WARN_CONSTANT_CONVERSION = YES;
				CLANG_WARN_DEPRECATED_OBJC_IMPLEMENTATIONS = YES;
				CLANG_WARN_DIRECT_OBJC_ISA_USAGE = YES_ERROR;
				CLANG_WARN_DOCUMENTATION_COMMENTS = YES;
				CLANG_WARN_EMPTY_BODY = YES;
				CLANG_WARN_ENUM_CONVERSION = YES;
				CLANG_WARN_INFINITE_RECURSION = YES;
				CLANG_WARN_INT_CONVERSION = YES;
				CLANG_WARN_NON_LITERAL_NULL_CONVERSION = YES;
				CLANG_WARN_OBJC_IMPLICIT_RETAIN_SELF = YES;
				CLANG_WARN_OBJC_LITERAL_CONVERSION = YES;
				CLANG_WARN_OBJC_ROOT_CLASS = YES_ERROR;
				CLANG_WARN_QUOTED_INCLUDE_IN_FRAMEWORK_HEADER = YES;
				CLANG_WARN_RANGE_LOOP_ANALYSIS = YES;
				CLANG_WARN_STRICT_PROTOTYPES = YES;
				CLANG_WARN_SUSPICIOUS_MOVE = YES;
				CLANG_WARN_UNGUARDED_AVAILABILITY = YES_AGGRESSIVE;
				CLANG_WARN_UNREACHABLE_CODE = YES;
				CLANG_WARN__DUPLICATE_METHOD_MATCH = YES;
				COPY_PHASE_STRIP = NO;
				DEBUG_INFORMATION_FORMAT = dwarf;
				ENABLE_STRICT_OBJC_MSGSEND = YES;
				ENABLE_TESTABILITY = YES;
				ENABLE_USER_SCRIPT_SANDBOXING = YES;
				GCC_C_LANGUAGE_STANDARD = gnu17;
				GCC_DYNAMIC_NO_PIC = NO;
				GCC_NO_COMMON_BLOCKS = YES;
				GCC_OPTIMIZATION_LEVEL = 0;
				GCC_PREPROCESSOR_DEFINITIONS = (
					"DEBUG=1",
					"$(inherited)",
				);
				GCC_WARN_64_TO_32_BIT_CONVERSION = YES;
				GCC_WARN_ABOUT_RETURN_TYPE = YES_ERROR;
				GCC_WARN_UNDECLARED_SELECTOR = YES;
				GCC_WARN_UNINITIALIZED_AUTOS = YES_AGGRESSIVE;
				GCC_WARN_UNUSED_FUNCTION = YES;
				GCC_WARN_UNUSED_VARIABLE = YES;
				IPHONEOS_DEPLOYMENT_TARGET = 17.5;
				LOCALIZATION_PREFERS_STRING_CATALOGS = YES;
				MTL_ENABLE_DEBUG_INFO = INCLUDE_SOURCE;
				MTL_FAST_MATH = YES;
				ONLY_ACTIVE_ARCH = YES;
				SDKROOT = iphoneos;
				SWIFT_ACTIVE_COMPILATION_CONDITIONS = "DEBUG $(inherited)";
				SWIFT_OPTIMIZATION_LEVEL = "-Onone";
			};
			name = Debug;
		};
		55A5CE4D2C4B571600F9E533 /* Release */ = {
			isa = XCBuildConfiguration;
			buildSettings = {
				ALWAYS_SEARCH_USER_PATHS = NO;
				ASSETCATALOG_COMPILER_GENERATE_SWIFT_ASSET_SYMBOL_EXTENSIONS = YES;
				CLANG_ANALYZER_NONNULL = YES;
				CLANG_ANALYZER_NUMBER_OBJECT_CONVERSION = YES_AGGRESSIVE;
				CLANG_CXX_LANGUAGE_STANDARD = "gnu++20";
				CLANG_ENABLE_MODULES = YES;
				CLANG_ENABLE_OBJC_ARC = YES;
				CLANG_ENABLE_OBJC_WEAK = YES;
				CLANG_WARN_BLOCK_CAPTURE_AUTORELEASING = YES;
				CLANG_WARN_BOOL_CONVERSION = YES;
				CLANG_WARN_COMMA = YES;
				CLANG_WARN_CONSTANT_CONVERSION = YES;
				CLANG_WARN_DEPRECATED_OBJC_IMPLEMENTATIONS = YES;
				CLANG_WARN_DIRECT_OBJC_ISA_USAGE = YES_ERROR;
				CLANG_WARN_DOCUMENTATION_COMMENTS = YES;
				CLANG_WARN_EMPTY_BODY = YES;
				CLANG_WARN_ENUM_CONVERSION = YES;
				CLANG_WARN_INFINITE_RECURSION = YES;
				CLANG_WARN_INT_CONVERSION = YES;
				CLANG_WARN_NON_LITERAL_NULL_CONVERSION = YES;
				CLANG_WARN_OBJC_IMPLICIT_RETAIN_SELF = YES;
				CLANG_WARN_OBJC_LITERAL_CONVERSION = YES;
				CLANG_WARN_OBJC_ROOT_CLASS = YES_ERROR;
				CLANG_WARN_QUOTED_INCLUDE_IN_FRAMEWORK_HEADER = YES;
				CLANG_WARN_RANGE_LOOP_ANALYSIS = YES;
				CLANG_WARN_STRICT_PROTOTYPES = YES;
				CLANG_WARN_SUSPICIOUS_MOVE = YES;
				CLANG_WARN_UNGUARDED_AVAILABILITY = YES_AGGRESSIVE;
				CLANG_WARN_UNREACHABLE_CODE = YES;
				CLANG_WARN__DUPLICATE_METHOD_MATCH = YES;
				COPY_PHASE_STRIP = NO;
				DEBUG_INFORMATION_FORMAT = "dwarf-with-dsym";
				ENABLE_NS_ASSERTIONS = NO;
				ENABLE_STRICT_OBJC_MSGSEND = YES;
				ENABLE_USER_SCRIPT_SANDBOXING = YES;
				GCC_C_LANGUAGE_STANDARD = gnu17;
				GCC_NO_COMMON_BLOCKS = YES;
				GCC_WARN_64_TO_32_BIT_CONVERSION = YES;
				GCC_WARN_ABOUT_RETURN_TYPE = YES_ERROR;
				GCC_WARN_UNDECLARED_SELECTOR = YES;
				GCC_WARN_UNINITIALIZED_AUTOS = YES_AGGRESSIVE;
				GCC_WARN_UNUSED_FUNCTION = YES;
				GCC_WARN_UNUSED_VARIABLE = YES;
				IPHONEOS_DEPLOYMENT_TARGET = 17.5;
				LOCALIZATION_PREFERS_STRING_CATALOGS = YES;
				MTL_ENABLE_DEBUG_INFO = NO;
				MTL_FAST_MATH = YES;
				SDKROOT = iphoneos;
				SWIFT_COMPILATION_MODE = wholemodule;
				VALIDATE_PRODUCT = YES;
			};
			name = Release;
		};
		55A5CE4F2C4B571600F9E533 /* Debug */ = {
			isa = XCBuildConfiguration;
			buildSettings = {
				ASSETCATALOG_COMPILER_APPICON_NAME = AppIcon;
				ASSETCATALOG_COMPILER_GLOBAL_ACCENT_COLOR_NAME = AccentColor;
				CODE_SIGN_IDENTITY = "Apple Development";
				CODE_SIGN_STYLE = Automatic;
				CURRENT_PROJECT_VERSION = 1;
				DEVELOPMENT_ASSET_PATHS = "\"AimTask/Preview Content\"";
				DEVELOPMENT_TEAM = 79V4PCSCQX;
				ENABLE_PREVIEWS = YES;
				GENERATE_INFOPLIST_FILE = YES;
				INFOPLIST_FILE = AimTask/Info.plist;
				INFOPLIST_KEY_LSApplicationCategoryType = "";
				INFOPLIST_KEY_NSLocationAlwaysAndWhenInUseUsageDescription = "We need your location to notify you of tasks at specific locations, even when the app is in the background";
				INFOPLIST_KEY_NSLocationAlwaysUsageDescription = "We need your location to remind you of tasks even when the app is closed.";
				INFOPLIST_KEY_NSLocationWhenInUseUsageDescription = "We need your location to show nearby tasks.";
				INFOPLIST_KEY_UIApplicationSceneManifest_Generation = YES;
				INFOPLIST_KEY_UIApplicationSupportsIndirectInputEvents = YES;
				INFOPLIST_KEY_UILaunchScreen_Generation = YES;
				INFOPLIST_KEY_UISupportedInterfaceOrientations_iPad = "UIInterfaceOrientationPortraitUpsideDown UIInterfaceOrientationPortrait UIInterfaceOrientationLandscapeLeft UIInterfaceOrientationLandscapeRight";
				INFOPLIST_KEY_UISupportedInterfaceOrientations_iPhone = "UIInterfaceOrientationPortrait UIInterfaceOrientationLandscapeLeft UIInterfaceOrientationLandscapeRight";
				IPHONEOS_DEPLOYMENT_TARGET = 17.0;
				LD_RUNPATH_SEARCH_PATHS = (
					"$(inherited)",
					"@executable_path/Frameworks",
				);
				MARKETING_VERSION = 1.0;
				PRODUCT_BUNDLE_IDENTIFIER = villa.co.au.AimTask;
				PRODUCT_NAME = "$(TARGET_NAME)";
				PROVISIONING_PROFILE_SPECIFIER = "";
				SWIFT_EMIT_LOC_STRINGS = YES;
				SWIFT_VERSION = 5.0;
				TARGETED_DEVICE_FAMILY = "1,2";
			};
			name = Debug;
		};
		55A5CE502C4B571600F9E533 /* Release */ = {
			isa = XCBuildConfiguration;
			buildSettings = {
				ASSETCATALOG_COMPILER_APPICON_NAME = AppIcon;
				ASSETCATALOG_COMPILER_GLOBAL_ACCENT_COLOR_NAME = AccentColor;
				CODE_SIGN_IDENTITY = "Apple Development";
				CODE_SIGN_STYLE = Automatic;
				CURRENT_PROJECT_VERSION = 1;
				DEVELOPMENT_ASSET_PATHS = "\"AimTask/Preview Content\"";
				DEVELOPMENT_TEAM = 79V4PCSCQX;
				ENABLE_PREVIEWS = YES;
				GENERATE_INFOPLIST_FILE = YES;
				INFOPLIST_FILE = AimTask/Info.plist;
				INFOPLIST_KEY_LSApplicationCategoryType = "";
				INFOPLIST_KEY_NSLocationAlwaysAndWhenInUseUsageDescription = "We need your location to notify you of tasks at specific locations, even when the app is in the background";
				INFOPLIST_KEY_NSLocationAlwaysUsageDescription = "We need your location to remind you of tasks even when the app is closed.";
				INFOPLIST_KEY_NSLocationWhenInUseUsageDescription = "We need your location to show nearby tasks.";
				INFOPLIST_KEY_UIApplicationSceneManifest_Generation = YES;
				INFOPLIST_KEY_UIApplicationSupportsIndirectInputEvents = YES;
				INFOPLIST_KEY_UILaunchScreen_Generation = YES;
				INFOPLIST_KEY_UISupportedInterfaceOrientations_iPad = "UIInterfaceOrientationPortraitUpsideDown UIInterfaceOrientationPortrait UIInterfaceOrientationLandscapeLeft UIInterfaceOrientationLandscapeRight";
				INFOPLIST_KEY_UISupportedInterfaceOrientations_iPhone = "UIInterfaceOrientationPortrait UIInterfaceOrientationLandscapeLeft UIInterfaceOrientationLandscapeRight";
				IPHONEOS_DEPLOYMENT_TARGET = 17.0;
				LD_RUNPATH_SEARCH_PATHS = (
					"$(inherited)",
					"@executable_path/Frameworks",
				);
				MARKETING_VERSION = 1.0;
				PRODUCT_BUNDLE_IDENTIFIER = villa.co.au.AimTask;
				PRODUCT_NAME = "$(TARGET_NAME)";
				PROVISIONING_PROFILE_SPECIFIER = "";
				SWIFT_EMIT_LOC_STRINGS = YES;
				SWIFT_VERSION = 5.0;
				TARGETED_DEVICE_FAMILY = "1,2";
			};
			name = Release;
		};
		55F4422D2C966B6C0006F530 /* Debug */ = {
			isa = XCBuildConfiguration;
			buildSettings = {
				BUNDLE_LOADER = "$(TEST_HOST)";
				CODE_SIGN_STYLE = Automatic;
				CURRENT_PROJECT_VERSION = 1;
				DEVELOPMENT_TEAM = 79V4PCSCQX;
				GENERATE_INFOPLIST_FILE = YES;
				MARKETING_VERSION = 1.0;
				PRODUCT_BUNDLE_IDENTIFIER = villa.co.au.AimTaskTests;
				PRODUCT_NAME = "$(TARGET_NAME)";
				SWIFT_EMIT_LOC_STRINGS = NO;
				SWIFT_VERSION = 5.0;
				TARGETED_DEVICE_FAMILY = "1,2";
				TEST_HOST = "$(BUILT_PRODUCTS_DIR)/AimTask.app/$(BUNDLE_EXECUTABLE_FOLDER_PATH)/AimTask";
			};
			name = Debug;
		};
		55F4422E2C966B6C0006F530 /* Release */ = {
			isa = XCBuildConfiguration;
			buildSettings = {
				BUNDLE_LOADER = "$(TEST_HOST)";
				CODE_SIGN_STYLE = Automatic;
				CURRENT_PROJECT_VERSION = 1;
				DEVELOPMENT_TEAM = 79V4PCSCQX;
				GENERATE_INFOPLIST_FILE = YES;
				MARKETING_VERSION = 1.0;
				PRODUCT_BUNDLE_IDENTIFIER = villa.co.au.AimTaskTests;
				PRODUCT_NAME = "$(TARGET_NAME)";
				SWIFT_EMIT_LOC_STRINGS = NO;
				SWIFT_VERSION = 5.0;
				TARGETED_DEVICE_FAMILY = "1,2";
				TEST_HOST = "$(BUILT_PRODUCTS_DIR)/AimTask.app/$(BUNDLE_EXECUTABLE_FOLDER_PATH)/AimTask";
			};
			name = Release;
		};
/* End XCBuildConfiguration section */

/* Begin XCConfigurationList section */
		55A5CE3B2C4B571500F9E533 /* Build configuration list for PBXProject "AimTask" */ = {
			isa = XCConfigurationList;
			buildConfigurations = (
				55A5CE4C2C4B571600F9E533 /* Debug */,
				55A5CE4D2C4B571600F9E533 /* Release */,
			);
			defaultConfigurationIsVisible = 0;
			defaultConfigurationName = Release;
		};
		55A5CE4E2C4B571600F9E533 /* Build configuration list for PBXNativeTarget "AimTask" */ = {
			isa = XCConfigurationList;
			buildConfigurations = (
				55A5CE4F2C4B571600F9E533 /* Debug */,
				55A5CE502C4B571600F9E533 /* Release */,
			);
			defaultConfigurationIsVisible = 0;
			defaultConfigurationName = Release;
		};
		55F4422C2C966B6C0006F530 /* Build configuration list for PBXNativeTarget "AimTaskTests" */ = {
			isa = XCConfigurationList;
			buildConfigurations = (
				55F4422D2C966B6C0006F530 /* Debug */,
				55F4422E2C966B6C0006F530 /* Release */,
			);
			defaultConfigurationIsVisible = 0;
			defaultConfigurationName = Release;
		};
/* End XCConfigurationList section */

/* Begin XCRemoteSwiftPackageReference section */
		55A5CE532C4D0EA400F9E533 /* XCRemoteSwiftPackageReference "firebase-ios-sdk" */ = {
			isa = XCRemoteSwiftPackageReference;
			repositoryURL = "https://github.com/firebase/firebase-ios-sdk";
			requirement = {
				kind = upToNextMajorVersion;
				minimumVersion = 10.29.0;
			};
		};
/* End XCRemoteSwiftPackageReference section */

/* Begin XCSwiftPackageProductDependency section */
		55A5CE542C4D0EA400F9E533 /* FirebaseAuth */ = {
			isa = XCSwiftPackageProductDependency;
			package = 55A5CE532C4D0EA400F9E533 /* XCRemoteSwiftPackageReference "firebase-ios-sdk" */;
			productName = FirebaseAuth;
		};
		55A5CE562C4D0EA400F9E533 /* FirebaseDatabase */ = {
			isa = XCSwiftPackageProductDependency;
			package = 55A5CE532C4D0EA400F9E533 /* XCRemoteSwiftPackageReference "firebase-ios-sdk" */;
			productName = FirebaseDatabase;
		};
		55A5CE5E2C4D145100F9E533 /* FirebaseFirestore */ = {
			isa = XCSwiftPackageProductDependency;
			package = 55A5CE532C4D0EA400F9E533 /* XCRemoteSwiftPackageReference "firebase-ios-sdk" */;
			productName = FirebaseFirestore;
		};
		55A5CE622C4D18A900F9E533 /* FirebaseAnalytics */ = {
			isa = XCSwiftPackageProductDependency;
			package = 55A5CE532C4D0EA400F9E533 /* XCRemoteSwiftPackageReference "firebase-ios-sdk" */;
			productName = FirebaseAnalytics;
		};
		55A5CE642C4D18A900F9E533 /* FirebaseStorage */ = {
			isa = XCSwiftPackageProductDependency;
			package = 55A5CE532C4D0EA400F9E533 /* XCRemoteSwiftPackageReference "firebase-ios-sdk" */;
			productName = FirebaseStorage;
		};
/* End XCSwiftPackageProductDependency section */
	};
	rootObject = 55A5CE382C4B571500F9E533 /* Project object */;
}
